
Microsoft Visual Studio Solution File, Format Version 12.00
# Visual Studio 15
VisualStudioVersion = 15.0.28307.1022
MinimumVisualStudioVersion = 10.0.40219.1
Project("{FAE04EC0-301F-11D3-BF4B-00C04F79EFBC}") = "DUDEFileService", "DUDEFileService\DUDEFileService.csproj", "{D7BA3BDF-8D67-44F1-9E6F-CAC9B3537602}"
EndProject
Global
	GlobalSection(SolutionConfigurationPlatforms) = preSolution
		Debug|Any CPU = Debug|Any CPU
		Release|Any CPU = Release|Any CPU
	EndGlobalSection
	GlobalSection(ProjectConfigurationPlatforms) = postSolution
		{D7BA3BDF-8D67-44F1-9E6F-CAC9B3537602}.Debug|Any CPU.ActiveCfg = Debug|Any CPU
		{D7BA3BDF-8D67-44F1-9E6F-CAC9B3537602}.Debug|Any CPU.Build.0 = Debug|Any CPU
		{D7BA3BDF-8D67-44F1-9E6F-CAC9B3537602}.Release|Any CPU.ActiveCfg = Release|Any CPU
		{D7BA3BDF-8D67-44F1-9E6F-CAC9B3537602}.Release|Any CPU.Build.0 = Release|Any CPU
	EndGlobalSection
	GlobalSection(SolutionProperties) = preSolution
		HideSolutionNode = FALSE
	EndGlobalSection
	GlobalSection(ExtensibilityGlobals) = postSolution
		SolutionGuid = {F2E0DB88-C9EB-4345-B8FB-A1B4C37B0254}
	EndGlobalSection
EndGlobal
